
Microsoft Visual Studio Solution File, Format Version 12.00
# Visual Studio Version 17
VisualStudioVersion = 17.1.32319.34
MinimumVisualStudioVersion = 10.0.40219.1
Project("{FAE04EC0-301F-11D3-BF4B-00C04F79EFBC}") = "NLP", "Libraries\NLP\NLP.csproj", "{1C4D11D6-4189-46E4-B1FC-9F98CC93F2C6}"
EndProject
Project("{FAE04EC0-301F-11D3-BF4B-00C04F79EFBC}") = "PerceptronClassifierApplication", "PerceptronClassifierApplication\PerceptronClassifierApplication.csproj", "{1F8F92C4-E9BB-4C8D-8F7D-26E877C2578B}"
EndProject
Global
	GlobalSection(SolutionConfigurationPlatforms) = preSolution
		Debug|Any CPU = Debug|Any CPU
		Release|Any CPU = Release|Any CPU
	EndGlobalSection
	GlobalSection(ProjectConfigurationPlatforms) = postSolution
		{1C4D11D6-4189-46E4-B1FC-9F98CC93F2C6}.Debug|Any CPU.ActiveCfg = Debug|Any CPU
		{1C4D11D6-4189-46E4-B1FC-9F98CC93F2C6}.Debug|Any CPU.Build.0 = Debug|Any CPU
		{1C4D11D6-4189-46E4-B1FC-9F98CC93F2C6}.Release|Any CPU.ActiveCfg = Release|Any CPU
		{1C4D11D6-4189-46E4-B1FC-9F98CC93F2C6}.Release|Any CPU.Build.0 = Release|Any CPU
		{1F8F92C4-E9BB-4C8D-8F7D-26E877C2578B}.Debug|Any CPU.ActiveCfg = Debug|Any CPU
		{1F8F92C4-E9BB-4C8D-8F7D-26E877C2578B}.Debug|Any CPU.Build.0 = Debug|Any CPU
		{1F8F92C4-E9BB-4C8D-8F7D-26E877C2578B}.Release|Any CPU.ActiveCfg = Release|Any CPU
		{1F8F92C4-E9BB-4C8D-8F7D-26E877C2578B}.Release|Any CPU.Build.0 = Release|Any CPU
	EndGlobalSection
	GlobalSection(SolutionProperties) = preSolution
		HideSolutionNode = FALSE
	EndGlobalSection
	GlobalSection(ExtensibilityGlobals) = postSolution
		SolutionGuid = {600E9D40-DC09-4338-8F5A-86A348C3D014}
	EndGlobalSection
EndGlobal
